
Microsoft Visual Studio Solution File, Format Version 12.00
# Visual Studio Version 16
VisualStudioVersion = 16.0.30330.147
MinimumVisualStudioVersion = 10.0.40219.1
Project("{FAE04EC0-301F-11D3-BF4B-00C04F79EFBC}") = "TP1DsvAspNet.Web", "TP1DsvAspNet.Web\TP1DsvAspNet.Web.csproj", "{92555A78-48F9-4ACC-AED0-E17255BE2123}"
EndProject
Global
	GlobalSection(SolutionConfigurationPlatforms) = preSolution
		Debug|Any CPU = Debug|Any CPU
		Release|Any CPU = Release|Any CPU
	EndGlobalSection
	GlobalSection(ProjectConfigurationPlatforms) = postSolution
		{92555A78-48F9-4ACC-AED0-E17255BE2123}.Debug|Any CPU.ActiveCfg = Debug|Any CPU
		{92555A78-48F9-4ACC-AED0-E17255BE2123}.Debug|Any CPU.Build.0 = Debug|Any CPU
		{92555A78-48F9-4ACC-AED0-E17255BE2123}.Release|Any CPU.ActiveCfg = Release|Any CPU
		{92555A78-48F9-4ACC-AED0-E17255BE2123}.Release|Any CPU.Build.0 = Release|Any CPU
	EndGlobalSection
	GlobalSection(SolutionProperties) = preSolution
		HideSolutionNode = FALSE
	EndGlobalSection
	GlobalSection(ExtensibilityGlobals) = postSolution
		SolutionGuid = {52370FF8-3F1F-434D-89DD-A9248F874F1D}
	EndGlobalSection
EndGlobal
